
Microsoft Visual Studio Solution File, Format Version 12.00
# Visual Studio Version 17
VisualStudioVersion = 17.4.33403.182
MinimumVisualStudioVersion = 10.0.40219.1
Project("{FAE04EC0-301F-11D3-BF4B-00C04F79EFBC}") = "Laboratorio", "Laboratorio.csproj", "{7476AED9-E59B-47F3-9F9F-D4656E344138}"
EndProject
Global
	GlobalSection(SolutionConfigurationPlatforms) = preSolution
		Debug|Any CPU = Debug|Any CPU
		Release|Any CPU = Release|Any CPU
	EndGlobalSection
	GlobalSection(ProjectConfigurationPlatforms) = postSolution
		{7476AED9-E59B-47F3-9F9F-D4656E344138}.Debug|Any CPU.ActiveCfg = Debug|Any CPU
		{7476AED9-E59B-47F3-9F9F-D4656E344138}.Debug|Any CPU.Build.0 = Debug|Any CPU
		{7476AED9-E59B-47F3-9F9F-D4656E344138}.Release|Any CPU.ActiveCfg = Release|Any CPU
		{7476AED9-E59B-47F3-9F9F-D4656E344138}.Release|Any CPU.Build.0 = Release|Any CPU
	EndGlobalSection
	GlobalSection(SolutionProperties) = preSolution
		HideSolutionNode = FALSE
	EndGlobalSection
	GlobalSection(ExtensibilityGlobals) = postSolution
		SolutionGuid = {0FE2FAF4-10D5-42EF-A292-C4E9F5AFFBF6}
	EndGlobalSection
EndGlobal
